
Microsoft Visual Studio Solution File, Format Version 12.00
# Visual Studio Version 16
VisualStudioVersion = 16.0.28803.202
MinimumVisualStudioVersion = 10.0.40219.1
Project("{FAE04EC0-301F-11D3-BF4B-00C04F79EFBC}") = "BibliotecaComum", "BibliotecaComum\BibliotecaComum.csproj", "{E7FB9C54-EAF2-4019-B993-83D9CE68986A}"
EndProject
Project("{FAE04EC0-301F-11D3-BF4B-00C04F79EFBC}") = "GUI_Testes", "GUI_Testes\GUI_Testes.csproj", "{355C98EF-EFED-41A0-AF9A-6E30BD16A972}"
EndProject
Global
	GlobalSection(SolutionConfigurationPlatforms) = preSolution
		Debug|Any CPU = Debug|Any CPU
		Release|Any CPU = Release|Any CPU
	EndGlobalSection
	GlobalSection(ProjectConfigurationPlatforms) = postSolution
		{E7FB9C54-EAF2-4019-B993-83D9CE68986A}.Debug|Any CPU.ActiveCfg = Debug|Any CPU
		{E7FB9C54-EAF2-4019-B993-83D9CE68986A}.Debug|Any CPU.Build.0 = Debug|Any CPU
		{E7FB9C54-EAF2-4019-B993-83D9CE68986A}.Release|Any CPU.ActiveCfg = Release|Any CPU
		{E7FB9C54-EAF2-4019-B993-83D9CE68986A}.Release|Any CPU.Build.0 = Release|Any CPU
		{355C98EF-EFED-41A0-AF9A-6E30BD16A972}.Debug|Any CPU.ActiveCfg = Debug|Any CPU
		{355C98EF-EFED-41A0-AF9A-6E30BD16A972}.Debug|Any CPU.Build.0 = Debug|Any CPU
		{355C98EF-EFED-41A0-AF9A-6E30BD16A972}.Release|Any CPU.ActiveCfg = Release|Any CPU
		{355C98EF-EFED-41A0-AF9A-6E30BD16A972}.Release|Any CPU.Build.0 = Release|Any CPU
	EndGlobalSection
	GlobalSection(SolutionProperties) = preSolution
		HideSolutionNode = FALSE
	EndGlobalSection
	GlobalSection(ExtensibilityGlobals) = postSolution
		SolutionGuid = {9F2D8DA4-8C9F-42FD-B30B-873C1DCAC707}
	EndGlobalSection
EndGlobal
